
Microsoft Visual Studio Solution File, Format Version 12.00
# Visual Studio Version 16
VisualStudioVersion = 16.0.30804.86
MinimumVisualStudioVersion = 10.0.40219.1
Project("{FAE04EC0-301F-11D3-BF4B-00C04F79EFBC}") = "GymMvc", "GymMvc\GymMvc.csproj", "{801992A0-6D16-44D7-BB81-853383DAFC14}"
EndProject
Global
	GlobalSection(SolutionConfigurationPlatforms) = preSolution
		Debug|Any CPU = Debug|Any CPU
		Release|Any CPU = Release|Any CPU
	EndGlobalSection
	GlobalSection(ProjectConfigurationPlatforms) = postSolution
		{801992A0-6D16-44D7-BB81-853383DAFC14}.Debug|Any CPU.ActiveCfg = Debug|Any CPU
		{801992A0-6D16-44D7-BB81-853383DAFC14}.Debug|Any CPU.Build.0 = Debug|Any CPU
		{801992A0-6D16-44D7-BB81-853383DAFC14}.Release|Any CPU.ActiveCfg = Release|Any CPU
		{801992A0-6D16-44D7-BB81-853383DAFC14}.Release|Any CPU.Build.0 = Release|Any CPU
	EndGlobalSection
	GlobalSection(SolutionProperties) = preSolution
		HideSolutionNode = FALSE
	EndGlobalSection
	GlobalSection(ExtensibilityGlobals) = postSolution
		SolutionGuid = {48CB8127-BD32-4EC4-B656-EED8CD1D5D7C}
	EndGlobalSection
EndGlobal
